
Microsoft Visual Studio Solution File, Format Version 12.00
# Visual Studio Version 17
VisualStudioVersion = 17.14.36401.2
MinimumVisualStudioVersion = 10.0.40219.1
Project("{FAE04EC0-301F-11D3-BF4B-00C04F79EFBC}") = "SkillShareBackend", "SkillShareBackend.csproj", "{55896681-28D2-4723-B2A7-C9441E727CCB}"
EndProject
Project("{FAE04EC0-301F-11D3-BF4B-00C04F79EFBC}") = "Test", "Test\Test.csproj", "{5E463F07-5CA0-4CB3-9981-C7EF330D9222}"
EndProject
Global
	GlobalSection(SolutionConfigurationPlatforms) = preSolution
		Debug|Any CPU = Debug|Any CPU
		Debug|x64 = Debug|x64
		Debug|x86 = Debug|x86
		Release|Any CPU = Release|Any CPU
		Release|x64 = Release|x64
		Release|x86 = Release|x86
	EndGlobalSection
	GlobalSection(ProjectConfigurationPlatforms) = postSolution
		{55896681-28D2-4723-B2A7-C9441E727CCB}.Debug|Any CPU.ActiveCfg = Debug|Any CPU
		{55896681-28D2-4723-B2A7-C9441E727CCB}.Debug|Any CPU.Build.0 = Debug|Any CPU
		{55896681-28D2-4723-B2A7-C9441E727CCB}.Debug|x64.ActiveCfg = Debug|Any CPU
		{55896681-28D2-4723-B2A7-C9441E727CCB}.Debug|x64.Build.0 = Debug|Any CPU
		{55896681-28D2-4723-B2A7-C9441E727CCB}.Debug|x86.ActiveCfg = Debug|Any CPU
		{55896681-28D2-4723-B2A7-C9441E727CCB}.Debug|x86.Build.0 = Debug|Any CPU
		{55896681-28D2-4723-B2A7-C9441E727CCB}.Release|Any CPU.ActiveCfg = Release|Any CPU
		{55896681-28D2-4723-B2A7-C9441E727CCB}.Release|Any CPU.Build.0 = Release|Any CPU
		{55896681-28D2-4723-B2A7-C9441E727CCB}.Release|x64.ActiveCfg = Release|Any CPU
		{55896681-28D2-4723-B2A7-C9441E727CCB}.Release|x64.Build.0 = Release|Any CPU
		{55896681-28D2-4723-B2A7-C9441E727CCB}.Release|x86.ActiveCfg = Release|Any CPU
		{55896681-28D2-4723-B2A7-C9441E727CCB}.Release|x86.Build.0 = Release|Any CPU
		{5E463F07-5CA0-4CB3-9981-C7EF330D9222}.Debug|Any CPU.ActiveCfg = Debug|Any CPU
		{5E463F07-5CA0-4CB3-9981-C7EF330D9222}.Debug|Any CPU.Build.0 = Debug|Any CPU
		{5E463F07-5CA0-4CB3-9981-C7EF330D9222}.Debug|x64.ActiveCfg = Debug|Any CPU
		{5E463F07-5CA0-4CB3-9981-C7EF330D9222}.Debug|x64.Build.0 = Debug|Any CPU
		{5E463F07-5CA0-4CB3-9981-C7EF330D9222}.Debug|x86.ActiveCfg = Debug|Any CPU
		{5E463F07-5CA0-4CB3-9981-C7EF330D9222}.Debug|x86.Build.0 = Debug|Any CPU
		{5E463F07-5CA0-4CB3-9981-C7EF330D9222}.Release|Any CPU.ActiveCfg = Release|Any CPU
		{5E463F07-5CA0-4CB3-9981-C7EF330D9222}.Release|Any CPU.Build.0 = Release|Any CPU
		{5E463F07-5CA0-4CB3-9981-C7EF330D9222}.Release|x64.ActiveCfg = Release|Any CPU
		{5E463F07-5CA0-4CB3-9981-C7EF330D9222}.Release|x64.Build.0 = Release|Any CPU
		{5E463F07-5CA0-4CB3-9981-C7EF330D9222}.Release|x86.ActiveCfg = Release|Any CPU
		{5E463F07-5CA0-4CB3-9981-C7EF330D9222}.Release|x86.Build.0 = Release|Any CPU
	EndGlobalSection
	GlobalSection(SolutionProperties) = preSolution
		HideSolutionNode = FALSE
	EndGlobalSection
	GlobalSection(ExtensibilityGlobals) = postSolution
		SolutionGuid = {4EC0918C-5E90-4CD2-9974-E4BF35309DCD}
	EndGlobalSection
EndGlobal
